
Microsoft Visual Studio Solution File, Format Version 12.00
# Visual Studio Version 16
VisualStudioVersion = 16.0.29709.97
MinimumVisualStudioVersion = 10.0.40219.1
Project("{8BC9CEB8-8B4A-11D0-8D11-00A0C91BC942}") = "TP3deH2020", "TP3deH2020\TP3deH2020.vcxproj", "{9D9E62C5-3D70-46BC-9D78-219C2617E195}"
EndProject
Global
	GlobalSection(SolutionConfigurationPlatforms) = preSolution
		Debug|x64 = Debug|x64
		Debug|x86 = Debug|x86
		Release|x64 = Release|x64
		Release|x86 = Release|x86
	EndGlobalSection
	GlobalSection(ProjectConfigurationPlatforms) = postSolution
		{9D9E62C5-3D70-46BC-9D78-219C2617E195}.Debug|x64.ActiveCfg = Debug|x64
		{9D9E62C5-3D70-46BC-9D78-219C2617E195}.Debug|x64.Build.0 = Debug|x64
		{9D9E62C5-3D70-46BC-9D78-219C2617E195}.Debug|x86.ActiveCfg = Debug|Win32
		{9D9E62C5-3D70-46BC-9D78-219C2617E195}.Debug|x86.Build.0 = Debug|Win32
		{9D9E62C5-3D70-46BC-9D78-219C2617E195}.Release|x64.ActiveCfg = Release|x64
		{9D9E62C5-3D70-46BC-9D78-219C2617E195}.Release|x64.Build.0 = Release|x64
		{9D9E62C5-3D70-46BC-9D78-219C2617E195}.Release|x86.ActiveCfg = Release|Win32
		{9D9E62C5-3D70-46BC-9D78-219C2617E195}.Release|x86.Build.0 = Release|Win32
	EndGlobalSection
	GlobalSection(SolutionProperties) = preSolution
		HideSolutionNode = FALSE
	EndGlobalSection
	GlobalSection(ExtensibilityGlobals) = postSolution
		SolutionGuid = {4921EE2B-1DF8-4E2F-A24A-E8F62FA5E49D}
	EndGlobalSection
EndGlobal
